
Microsoft Visual Studio Solution File, Format Version 12.00
# Visual Studio 14
VisualStudioVersion = 14.0.25123.0
MinimumVisualStudioVersion = 10.0.40219.1
Project("{8BC9CEB8-8B4A-11D0-8D11-00A0C91BC942}") = "onp_transform-the-expression", "onp_transform-the-expression\onp_transform-the-expression.vcxproj", "{BC8E59AF-4AC9-4A86-B274-CD065E147CC1}"
EndProject
Project("{8BC9CEB8-8B4A-11D0-8D11-00A0C91BC942}") = "palin_the-next-palindrome", "palin_the-next-palindrome\palin_the-next-palindrome.vcxproj", "{5C33E8F2-DEF2-4FAB-9E94-1501F694B64A}"
EndProject
Project("{8BC9CEB8-8B4A-11D0-8D11-00A0C91BC942}") = "AE00_rectangles", "AE00_rectangles\AE00_rectangles.vcxproj", "{07CCAD4F-659D-4376-998D-6A9AE0385165}"
EndProject
Project("{8BC9CEB8-8B4A-11D0-8D11-00A0C91BC942}") = "CMEXPR_complicated-expressions", "CMEXPR_complicated-expressions\CMEXPR_complicated-expressions.vcxproj", "{A75491CD-D278-419E-95E1-BE38B3DA2087}"
EndProject
Project("{8BC9CEB8-8B4A-11D0-8D11-00A0C91BC942}") = "ABCDEF", "ABCDEF\ABCDEF.vcxproj", "{CE489F45-C993-4EDF-ADC7-6995FFCC5B98}"
EndProject
Project("{8BC9CEB8-8B4A-11D0-8D11-00A0C91BC942}") = "PERMUT1", "PERMUT1\PERMUT1.vcxproj", "{CCD17F49-E7F8-4852-A55F-FAD4DD0CAEB0}"
EndProject
Project("{8BC9CEB8-8B4A-11D0-8D11-00A0C91BC942}") = "EBOXES", "EBOXES\EBOXES.vcxproj", "{C5EE556F-5D69-4CC7-B2DB-C56768BB6A26}"
EndProject
Project("{8BC9CEB8-8B4A-11D0-8D11-00A0C91BC942}") = "THINKLOL", "THINKLOL\THINKLOL.vcxproj", "{F1FC7712-AC45-4599-A7E5-6B9D9610B116}"
EndProject
Project("{8BC9CEB8-8B4A-11D0-8D11-00A0C91BC942}") = "QTREE2", "QTREE2\QTREE2.vcxproj", "{8B62BE86-4ECC-4BD3-A385-EA351E513EDD}"
EndProject
Project("{8BC9CEB8-8B4A-11D0-8D11-00A0C91BC942}") = "QMAX3VN", "QMAX3VN\QMAX3VN.vcxproj", "{41CED728-0E59-4E5A-9835-0A32048A7D2E}"
EndProject
Project("{8BC9CEB8-8B4A-11D0-8D11-00A0C91BC942}") = "test-the-interqiew", "test-the-interqiew\test-the-interqiew.vcxproj", "{2006CDE9-0911-469A-B410-DC9191E26BE0}"
EndProject
Project("{8BC9CEB8-8B4A-11D0-8D11-00A0C91BC942}") = "BUGLIFE", "BUGLIFE\BUGLIFE.vcxproj", "{C5F6C8CC-CF50-46EF-8790-048B5FECC934}"
EndProject
Global
	GlobalSection(SolutionConfigurationPlatforms) = preSolution
		Debug|x64 = Debug|x64
		Debug|x86 = Debug|x86
		Release|x64 = Release|x64
		Release|x86 = Release|x86
	EndGlobalSection
	GlobalSection(ProjectConfigurationPlatforms) = postSolution
		{BC8E59AF-4AC9-4A86-B274-CD065E147CC1}.Debug|x64.ActiveCfg = Debug|x64
		{BC8E59AF-4AC9-4A86-B274-CD065E147CC1}.Debug|x64.Build.0 = Debug|x64
		{BC8E59AF-4AC9-4A86-B274-CD065E147CC1}.Debug|x86.ActiveCfg = Debug|Win32
		{BC8E59AF-4AC9-4A86-B274-CD065E147CC1}.Debug|x86.Build.0 = Debug|Win32
		{BC8E59AF-4AC9-4A86-B274-CD065E147CC1}.Release|x64.ActiveCfg = Release|x64
		{BC8E59AF-4AC9-4A86-B274-CD065E147CC1}.Release|x64.Build.0 = Release|x64
		{BC8E59AF-4AC9-4A86-B274-CD065E147CC1}.Release|x86.ActiveCfg = Release|Win32
		{BC8E59AF-4AC9-4A86-B274-CD065E147CC1}.Release|x86.Build.0 = Release|Win32
		{5C33E8F2-DEF2-4FAB-9E94-1501F694B64A}.Debug|x64.ActiveCfg = Debug|x64
		{5C33E8F2-DEF2-4FAB-9E94-1501F694B64A}.Debug|x64.Build.0 = Debug|x64
		{5C33E8F2-DEF2-4FAB-9E94-1501F694B64A}.Debug|x86.ActiveCfg = Debug|Win32
		{5C33E8F2-DEF2-4FAB-9E94-1501F694B64A}.Debug|x86.Build.0 = Debug|Win32
		{5C33E8F2-DEF2-4FAB-9E94-1501F694B64A}.Release|x64.ActiveCfg = Release|x64
		{5C33E8F2-DEF2-4FAB-9E94-1501F694B64A}.Release|x64.Build.0 = Release|x64
		{5C33E8F2-DEF2-4FAB-9E94-1501F694B64A}.Release|x86.ActiveCfg = Release|Win32
		{5C33E8F2-DEF2-4FAB-9E94-1501F694B64A}.Release|x86.Build.0 = Release|Win32
		{07CCAD4F-659D-4376-998D-6A9AE0385165}.Debug|x64.ActiveCfg = Debug|x64
		{07CCAD4F-659D-4376-998D-6A9AE0385165}.Debug|x64.Build.0 = Debug|x64
		{07CCAD4F-659D-4376-998D-6A9AE0385165}.Debug|x86.ActiveCfg = Debug|Win32
		{07CCAD4F-659D-4376-998D-6A9AE0385165}.Debug|x86.Build.0 = Debug|Win32
		{07CCAD4F-659D-4376-998D-6A9AE0385165}.Release|x64.ActiveCfg = Release|x64
		{07CCAD4F-659D-4376-998D-6A9AE0385165}.Release|x64.Build.0 = Release|x64
		{07CCAD4F-659D-4376-998D-6A9AE0385165}.Release|x86.ActiveCfg = Release|Win32
		{07CCAD4F-659D-4376-998D-6A9AE0385165}.Release|x86.Build.0 = Release|Win32
		{A75491CD-D278-419E-95E1-BE38B3DA2087}.Debug|x64.ActiveCfg = Debug|x64
		{A75491CD-D278-419E-95E1-BE38B3DA2087}.Debug|x64.Build.0 = Debug|x64
		{A75491CD-D278-419E-95E1-BE38B3DA2087}.Debug|x86.ActiveCfg = Debug|Win32
		{A75491CD-D278-419E-95E1-BE38B3DA2087}.Debug|x86.Build.0 = Debug|Win32
		{A75491CD-D278-419E-95E1-BE38B3DA2087}.Release|x64.ActiveCfg = Release|x64
		{A75491CD-D278-419E-95E1-BE38B3DA2087}.Release|x64.Build.0 = Release|x64
		{A75491CD-D278-419E-95E1-BE38B3DA2087}.Release|x86.ActiveCfg = Release|Win32
		{A75491CD-D278-419E-95E1-BE38B3DA2087}.Release|x86.Build.0 = Release|Win32
		{CE489F45-C993-4EDF-ADC7-6995FFCC5B98}.Debug|x64.ActiveCfg = Debug|x64
		{CE489F45-C993-4EDF-ADC7-6995FFCC5B98}.Debug|x64.Build.0 = Debug|x64
		{CE489F45-C993-4EDF-ADC7-6995FFCC5B98}.Debug|x86.ActiveCfg = Debug|Win32
		{CE489F45-C993-4EDF-ADC7-6995FFCC5B98}.Debug|x86.Build.0 = Debug|Win32
		{CE489F45-C993-4EDF-ADC7-6995FFCC5B98}.Release|x64.ActiveCfg = Release|x64
		{CE489F45-C993-4EDF-ADC7-6995FFCC5B98}.Release|x64.Build.0 = Release|x64
		{CE489F45-C993-4EDF-ADC7-6995FFCC5B98}.Release|x86.ActiveCfg = Release|Win32
		{CE489F45-C993-4EDF-ADC7-6995FFCC5B98}.Release|x86.Build.0 = Release|Win32
		{CCD17F49-E7F8-4852-A55F-FAD4DD0CAEB0}.Debug|x64.ActiveCfg = Debug|x64
		{CCD17F49-E7F8-4852-A55F-FAD4DD0CAEB0}.Debug|x64.Build.0 = Debug|x64
		{CCD17F49-E7F8-4852-A55F-FAD4DD0CAEB0}.Debug|x86.ActiveCfg = Debug|Win32
		{CCD17F49-E7F8-4852-A55F-FAD4DD0CAEB0}.Debug|x86.Build.0 = Debug|Win32
		{CCD17F49-E7F8-4852-A55F-FAD4DD0CAEB0}.Release|x64.ActiveCfg = Release|x64
		{CCD17F49-E7F8-4852-A55F-FAD4DD0CAEB0}.Release|x64.Build.0 = Release|x64
		{CCD17F49-E7F8-4852-A55F-FAD4DD0CAEB0}.Release|x86.ActiveCfg = Release|Win32
		{CCD17F49-E7F8-4852-A55F-FAD4DD0CAEB0}.Release|x86.Build.0 = Release|Win32
		{C5EE556F-5D69-4CC7-B2DB-C56768BB6A26}.Debug|x64.ActiveCfg = Debug|x64
		{C5EE556F-5D69-4CC7-B2DB-C56768BB6A26}.Debug|x64.Build.0 = Debug|x64
		{C5EE556F-5D69-4CC7-B2DB-C56768BB6A26}.Debug|x86.ActiveCfg = Debug|Win32
		{C5EE556F-5D69-4CC7-B2DB-C56768BB6A26}.Debug|x86.Build.0 = Debug|Win32
		{C5EE556F-5D69-4CC7-B2DB-C56768BB6A26}.Release|x64.ActiveCfg = Release|x64
		{C5EE556F-5D69-4CC7-B2DB-C56768BB6A26}.Release|x64.Build.0 = Release|x64
		{C5EE556F-5D69-4CC7-B2DB-C56768BB6A26}.Release|x86.ActiveCfg = Release|Win32
		{C5EE556F-5D69-4CC7-B2DB-C56768BB6A26}.Release|x86.Build.0 = Release|Win32
		{F1FC7712-AC45-4599-A7E5-6B9D9610B116}.Debug|x64.ActiveCfg = Debug|x64
		{F1FC7712-AC45-4599-A7E5-6B9D9610B116}.Debug|x64.Build.0 = Debug|x64
		{F1FC7712-AC45-4599-A7E5-6B9D9610B116}.Debug|x86.ActiveCfg = Debug|Win32
		{F1FC7712-AC45-4599-A7E5-6B9D9610B116}.Debug|x86.Build.0 = Debug|Win32
		{F1FC7712-AC45-4599-A7E5-6B9D9610B116}.Release|x64.ActiveCfg = Release|x64
		{F1FC7712-AC45-4599-A7E5-6B9D9610B116}.Release|x64.Build.0 = Release|x64
		{F1FC7712-AC45-4599-A7E5-6B9D9610B116}.Release|x86.ActiveCfg = Release|Win32
		{F1FC7712-AC45-4599-A7E5-6B9D9610B116}.Release|x86.Build.0 = Release|Win32
		{8B62BE86-4ECC-4BD3-A385-EA351E513EDD}.Debug|x64.ActiveCfg = Debug|x64
		{8B62BE86-4ECC-4BD3-A385-EA351E513EDD}.Debug|x64.Build.0 = Debug|x64
		{8B62BE86-4ECC-4BD3-A385-EA351E513EDD}.Debug|x86.ActiveCfg = Debug|Win32
		{8B62BE86-4ECC-4BD3-A385-EA351E513EDD}.Debug|x86.Build.0 = Debug|Win32
		{8B62BE86-4ECC-4BD3-A385-EA351E513EDD}.Release|x64.ActiveCfg = Release|x64
		{8B62BE86-4ECC-4BD3-A385-EA351E513EDD}.Release|x64.Build.0 = Release|x64
		{8B62BE86-4ECC-4BD3-A385-EA351E513EDD}.Release|x86.ActiveCfg = Release|Win32
		{8B62BE86-4ECC-4BD3-A385-EA351E513EDD}.Release|x86.Build.0 = Release|Win32
		{41CED728-0E59-4E5A-9835-0A32048A7D2E}.Debug|x64.ActiveCfg = Debug|x64
		{41CED728-0E59-4E5A-9835-0A32048A7D2E}.Debug|x64.Build.0 = Debug|x64
		{41CED728-0E59-4E5A-9835-0A32048A7D2E}.Debug|x86.ActiveCfg = Debug|Win32
		{41CED728-0E59-4E5A-9835-0A32048A7D2E}.Debug|x86.Build.0 = Debug|Win32
		{41CED728-0E59-4E5A-9835-0A32048A7D2E}.Release|x64.ActiveCfg = Release|x64
		{41CED728-0E59-4E5A-9835-0A32048A7D2E}.Release|x64.Build.0 = Release|x64
		{41CED728-0E59-4E5A-9835-0A32048A7D2E}.Release|x86.ActiveCfg = Release|Win32
		{41CED728-0E59-4E5A-9835-0A32048A7D2E}.Release|x86.Build.0 = Release|Win32
		{2006CDE9-0911-469A-B410-DC9191E26BE0}.Debug|x64.ActiveCfg = Debug|x64
		{2006CDE9-0911-469A-B410-DC9191E26BE0}.Debug|x64.Build.0 = Debug|x64
		{2006CDE9-0911-469A-B410-DC9191E26BE0}.Debug|x86.ActiveCfg = Debug|Win32
		{2006CDE9-0911-469A-B410-DC9191E26BE0}.Debug|x86.Build.0 = Debug|Win32
		{2006CDE9-0911-469A-B410-DC9191E26BE0}.Release|x64.ActiveCfg = Release|x64
		{2006CDE9-0911-469A-B410-DC9191E26BE0}.Release|x64.Build.0 = Release|x64
		{2006CDE9-0911-469A-B410-DC9191E26BE0}.Release|x86.ActiveCfg = Release|Win32
		{2006CDE9-0911-469A-B410-DC9191E26BE0}.Release|x86.Build.0 = Release|Win32
		{C5F6C8CC-CF50-46EF-8790-048B5FECC934}.Debug|x64.ActiveCfg = Debug|x64
		{C5F6C8CC-CF50-46EF-8790-048B5FECC934}.Debug|x64.Build.0 = Debug|x64
		{C5F6C8CC-CF50-46EF-8790-048B5FECC934}.Debug|x86.ActiveCfg = Debug|Win32
		{C5F6C8CC-CF50-46EF-8790-048B5FECC934}.Debug|x86.Build.0 = Debug|Win32
		{C5F6C8CC-CF50-46EF-8790-048B5FECC934}.Release|x64.ActiveCfg = Release|x64
		{C5F6C8CC-CF50-46EF-8790-048B5FECC934}.Release|x64.Build.0 = Release|x64
		{C5F6C8CC-CF50-46EF-8790-048B5FECC934}.Release|x86.ActiveCfg = Release|Win32
		{C5F6C8CC-CF50-46EF-8790-048B5FECC934}.Release|x86.Build.0 = Release|Win32
	EndGlobalSection
	GlobalSection(SolutionProperties) = preSolution
		HideSolutionNode = FALSE
	EndGlobalSection
EndGlobal
